
Microsoft Visual Studio Solution File, Format Version 12.00
# Visual Studio 15
VisualStudioVersion = 15.0.26430.16
MinimumVisualStudioVersion = 10.0.40219.1
Project("{FAE04EC0-301F-11D3-BF4B-00C04F79EFBC}") = "01_CustomException", "01_CustomException\01_CustomException.csproj", "{A16C4C75-025E-41A9-9E42-16AA0B239418}"
EndProject
Project("{FAE04EC0-301F-11D3-BF4B-00C04F79EFBC}") = "02_PassDataUsingCustomExceptionC_Sharp", "02_PassDataUsingCustomExceptionC_Sharp\02_PassDataUsingCustomExceptionC_Sharp.csproj", "{EBBBD974-B0C0-4AEC-B409-23CEAF3BFB6A}"
EndProject
Global
	GlobalSection(SolutionConfigurationPlatforms) = preSolution
		Debug|Any CPU = Debug|Any CPU
		Release|Any CPU = Release|Any CPU
	EndGlobalSection
	GlobalSection(ProjectConfigurationPlatforms) = postSolution
		{A16C4C75-025E-41A9-9E42-16AA0B239418}.Debug|Any CPU.ActiveCfg = Debug|Any CPU
		{A16C4C75-025E-41A9-9E42-16AA0B239418}.Debug|Any CPU.Build.0 = Debug|Any CPU
		{A16C4C75-025E-41A9-9E42-16AA0B239418}.Release|Any CPU.ActiveCfg = Release|Any CPU
		{A16C4C75-025E-41A9-9E42-16AA0B239418}.Release|Any CPU.Build.0 = Release|Any CPU
		{EBBBD974-B0C0-4AEC-B409-23CEAF3BFB6A}.Debug|Any CPU.ActiveCfg = Debug|Any CPU
		{EBBBD974-B0C0-4AEC-B409-23CEAF3BFB6A}.Debug|Any CPU.Build.0 = Debug|Any CPU
		{EBBBD974-B0C0-4AEC-B409-23CEAF3BFB6A}.Release|Any CPU.ActiveCfg = Release|Any CPU
		{EBBBD974-B0C0-4AEC-B409-23CEAF3BFB6A}.Release|Any CPU.Build.0 = Release|Any CPU
	EndGlobalSection
	GlobalSection(SolutionProperties) = preSolution
		HideSolutionNode = FALSE
	EndGlobalSection
EndGlobal
